// !$*UTF8*$!
{
	archiveVersion = 1;
	classes = {
	};
	objectVersion = 46;
	objects = {

/* Begin PBXBuildFile section */
		CBC7420D1DE0DD5500CD8FE6 /* AppDelegate.swift in Sources */ = {isa = PBXBuildFile; fileRef = CBC7420C1DE0DD5500CD8FE6 /* AppDelegate.swift */; };
		CBC7420F1DE0DD5500CD8FE6 /* ViewController.swift in Sources */ = {isa = PBXBuildFile; fileRef = CBC7420E1DE0DD5500CD8FE6 /* ViewController.swift */; };
		CBC742121DE0DD5500CD8FE6 /* Main.storyboard in Resources */ = {isa = PBXBuildFile; fileRef = CBC742101DE0DD5500CD8FE6 /* Main.storyboard */; };
		CBC742141DE0DD5500CD8FE6 /* Assets.xcassets in Resources */ = {isa = PBXBuildFile; fileRef = CBC742131DE0DD5500CD8FE6 /* Assets.xcassets */; };
		CBC742171DE0DD5500CD8FE6 /* LaunchScreen.storyboard in Resources */ = {isa = PBXBuildFile; fileRef = CBC742151DE0DD5500CD8FE6 /* LaunchScreen.storyboard */; };
		CBC742251DE1112100CD8FE6 /* UserNotifications.framework in Frameworks */ = {isa = PBXBuildFile; fileRef = CBC742241DE1112100CD8FE6 /* UserNotifications.framework */; };
		CBC742271DE1112100CD8FE6 /* UserNotificationsUI.framework in Frameworks */ = {isa = PBXBuildFile; fileRef = CBC742261DE1112100CD8FE6 /* UserNotificationsUI.framework */; };
		CBC7422A1DE1112100CD8FE6 /* NotificationViewController.swift in Sources */ = {isa = PBXBuildFile; fileRef = CBC742291DE1112100CD8FE6 /* NotificationViewController.swift */; };
		CBC7422D1DE1112100CD8FE6 /* MainInterface.storyboard in Resources */ = {isa = PBXBuildFile; fileRef = CBC7422B1DE1112100CD8FE6 /* MainInterface.storyboard */; };
		CBC742311DE1112100CD8FE6 /* NotifContentExt.appex in Embed App Extensions */ = {isa = PBXBuildFile; fileRef = CBC742221DE1112100CD8FE6 /* NotifContentExt.appex */; settings = {ATTRIBUTES = (RemoveHeadersOnCopy, ); }; };
		CBC7423B1DE12C8D00CD8FE6 /* UserNotifications.framework in Frameworks */ = {isa = PBXBuildFile; fileRef = CBC742241DE1112100CD8FE6 /* UserNotifications.framework */; };
		CBC7423C1DE12C8D00CD8FE6 /* UserNotificationsUI.framework in Frameworks */ = {isa = PBXBuildFile; fileRef = CBC742261DE1112100CD8FE6 /* UserNotificationsUI.framework */; };
		CBC7423F1DE12C8D00CD8FE6 /* NotificationViewController.swift in Sources */ = {isa = PBXBuildFile; fileRef = CBC7423E1DE12C8D00CD8FE6 /* NotificationViewController.swift */; };
		CBC742421DE12C8D00CD8FE6 /* MainInterface.storyboard in Resources */ = {isa = PBXBuildFile; fileRef = CBC742401DE12C8D00CD8FE6 /* MainInterface.storyboard */; };
		CBC742461DE12C8D00CD8FE6 /* NotifContentExt2.appex in Embed App Extensions */ = {isa = PBXBuildFile; fileRef = CBC7423A1DE12C8D00CD8FE6 /* NotifContentExt2.appex */; settings = {ATTRIBUTES = (RemoveHeadersOnCopy, ); }; };
/* End PBXBuildFile section */

/* Begin PBXContainerItemProxy section */
		CBC7422F1DE1112100CD8FE6 /* PBXContainerItemProxy */ = {
			isa = PBXContainerItemProxy;
			containerPortal = CBC742011DE0DD5500CD8FE6 /* Project object */;
			proxyType = 1;
			remoteGlobalIDString = CBC742211DE1112100CD8FE6;
			remoteInfo = NotifContentExt;
		};
		CBC742441DE12C8D00CD8FE6 /* PBXContainerItemProxy */ = {
			isa = PBXContainerItemProxy;
			containerPortal = CBC742011DE0DD5500CD8FE6 /* Project object */;
			proxyType = 1;
			remoteGlobalIDString = CBC742391DE12C8D00CD8FE6;
			remoteInfo = NotifContentExt2;
		};
/* End PBXContainerItemProxy section */

/* Begin PBXCopyFilesBuildPhase section */
		CBC742351DE1112100CD8FE6 /* Embed App Extensions */ = {
			isa = PBXCopyFilesBuildPhase;
			buildActionMask = 2147483647;
			dstPath = "";
			dstSubfolderSpec = 13;
			files = (
				CBC742461DE12C8D00CD8FE6 /* NotifContentExt2.appex in Embed App Extensions */,
				CBC742311DE1112100CD8FE6 /* NotifContentExt.appex in Embed App Extensions */,
			);
			name = "Embed App Extensions";
			runOnlyForDeploymentPostprocessing = 0;
		};
/* End PBXCopyFilesBuildPhase section */

/* Begin PBXFileReference section */
		CBC742091DE0DD5500CD8FE6 /* ModernNotif.app */ = {isa = PBXFileReference; explicitFileType = wrapper.application; includeInIndex = 0; path = ModernNotif.app; sourceTree = BUILT_PRODUCTS_DIR; };
		CBC7420C1DE0DD5500CD8FE6 /* AppDelegate.swift */ = {isa = PBXFileReference; lastKnownFileType = sourcecode.swift; path = AppDelegate.swift; sourceTree = "<group>"; };
		CBC7420E1DE0DD5500CD8FE6 /* ViewController.swift */ = {isa = PBXFileReference; lastKnownFileType = sourcecode.swift; path = ViewController.swift; sourceTree = "<group>"; };
		CBC742111DE0DD5500CD8FE6 /* Base */ = {isa = PBXFileReference; lastKnownFileType = file.storyboard; name = Base; path = Base.lproj/Main.storyboard; sourceTree = "<group>"; };
		CBC742131DE0DD5500CD8FE6 /* Assets.xcassets */ = {isa = PBXFileReference; lastKnownFileType = folder.assetcatalog; path = Assets.xcassets; sourceTree = "<group>"; };
		CBC742161DE0DD5500CD8FE6 /* Base */ = {isa = PBXFileReference; lastKnownFileType = file.storyboard; name = Base; path = Base.lproj/LaunchScreen.storyboard; sourceTree = "<group>"; };
		CBC742181DE0DD5500CD8FE6 /* Info.plist */ = {isa = PBXFileReference; lastKnownFileType = text.plist.xml; path = Info.plist; sourceTree = "<group>"; };
		CBC742221DE1112100CD8FE6 /* NotifContentExt.appex */ = {isa = PBXFileReference; explicitFileType = "wrapper.app-extension"; includeInIndex = 0; path = NotifContentExt.appex; sourceTree = BUILT_PRODUCTS_DIR; };
		CBC742241DE1112100CD8FE6 /* UserNotifications.framework */ = {isa = PBXFileReference; lastKnownFileType = wrapper.framework; name = UserNotifications.framework; path = System/Library/Frameworks/UserNotifications.framework; sourceTree = SDKROOT; };
		CBC742261DE1112100CD8FE6 /* UserNotificationsUI.framework */ = {isa = PBXFileReference; lastKnownFileType = wrapper.framework; name = UserNotificationsUI.framework; path = System/Library/Frameworks/UserNotificationsUI.framework; sourceTree = SDKROOT; };
		CBC742291DE1112100CD8FE6 /* NotificationViewController.swift */ = {isa = PBXFileReference; lastKnownFileType = sourcecode.swift; path = NotificationViewController.swift; sourceTree = "<group>"; };
		CBC7422C1DE1112100CD8FE6 /* Base */ = {isa = PBXFileReference; lastKnownFileType = file.storyboard; name = Base; path = Base.lproj/MainInterface.storyboard; sourceTree = "<group>"; };
		CBC7422E1DE1112100CD8FE6 /* Info.plist */ = {isa = PBXFileReference; lastKnownFileType = text.plist.xml; path = Info.plist; sourceTree = "<group>"; };
		CBC7423A1DE12C8D00CD8FE6 /* NotifContentExt2.appex */ = {isa = PBXFileReference; explicitFileType = "wrapper.app-extension"; includeInIndex = 0; path = NotifContentExt2.appex; sourceTree = BUILT_PRODUCTS_DIR; };
		CBC7423E1DE12C8D00CD8FE6 /* NotificationViewController.swift */ = {isa = PBXFileReference; lastKnownFileType = sourcecode.swift; path = NotificationViewController.swift; sourceTree = "<group>"; };
		CBC742411DE12C8D00CD8FE6 /* Base */ = {isa = PBXFileReference; lastKnownFileType = file.storyboard; name = Base; path = Base.lproj/MainInterface.storyboard; sourceTree = "<group>"; };
		CBC742431DE12C8D00CD8FE6 /* Info.plist */ = {isa = PBXFileReference; lastKnownFileType = text.plist.xml; path = Info.plist; sourceTree = "<group>"; };
/* End PBXFileReference section */

/* Begin PBXFrameworksBuildPhase section */
		CBC742061DE0DD5500CD8FE6 /* Frameworks */ = {
			isa = PBXFrameworksBuildPhase;
			buildActionMask = 2147483647;
			files = (
			);
			runOnlyForDeploymentPostprocessing = 0;
		};
		CBC7421F1DE1112100CD8FE6 /* Frameworks */ = {
			isa = PBXFrameworksBuildPhase;
			buildActionMask = 2147483647;
			files = (
				CBC742271DE1112100CD8FE6 /* UserNotificationsUI.framework in Frameworks */,
				CBC742251DE1112100CD8FE6 /* UserNotifications.framework in Frameworks */,
			);
			runOnlyForDeploymentPostprocessing = 0;
		};
		CBC742371DE12C8D00CD8FE6 /* Frameworks */ = {
			isa = PBXFrameworksBuildPhase;
			buildActionMask = 2147483647;
			files = (
				CBC7423C1DE12C8D00CD8FE6 /* UserNotificationsUI.framework in Frameworks */,
				CBC7423B1DE12C8D00CD8FE6 /* UserNotifications.framework in Frameworks */,
			);
			runOnlyForDeploymentPostprocessing = 0;
		};
/* End PBXFrameworksBuildPhase section */

/* Begin PBXGroup section */
		CBC742001DE0DD5500CD8FE6 = {
			isa = PBXGroup;
			children = (
				CBC7420B1DE0DD5500CD8FE6 /* ModernNotif */,
				CBC742281DE1112100CD8FE6 /* NotifContentExt */,
				CBC7423D1DE12C8D00CD8FE6 /* NotifContentExt2 */,
				CBC742231DE1112100CD8FE6 /* Frameworks */,
				CBC7420A1DE0DD5500CD8FE6 /* Products */,
			);
			sourceTree = "<group>";
		};
		CBC7420A1DE0DD5500CD8FE6 /* Products */ = {
			isa = PBXGroup;
			children = (
				CBC742091DE0DD5500CD8FE6 /* ModernNotif.app */,
				CBC742221DE1112100CD8FE6 /* NotifContentExt.appex */,
				CBC7423A1DE12C8D00CD8FE6 /* NotifContentExt2.appex */,
			);
			name = Products;
			sourceTree = "<group>";
		};
		CBC7420B1DE0DD5500CD8FE6 /* ModernNotif */ = {
			isa = PBXGroup;
			children = (
				CBC7420C1DE0DD5500CD8FE6 /* AppDelegate.swift */,
				CBC7420E1DE0DD5500CD8FE6 /* ViewController.swift */,
				CBC742101DE0DD5500CD8FE6 /* Main.storyboard */,
				CBC742131DE0DD5500CD8FE6 /* Assets.xcassets */,
				CBC742151DE0DD5500CD8FE6 /* LaunchScreen.storyboard */,
				CBC742181DE0DD5500CD8FE6 /* Info.plist */,
			);
			path = ModernNotif;
			sourceTree = "<group>";
		};
		CBC742231DE1112100CD8FE6 /* Frameworks */ = {
			isa = PBXGroup;
			children = (
				CBC742241DE1112100CD8FE6 /* UserNotifications.framework */,
				CBC742261DE1112100CD8FE6 /* UserNotificationsUI.framework */,
			);
			name = Frameworks;
			sourceTree = "<group>";
		};
		CBC742281DE1112100CD8FE6 /* NotifContentExt */ = {
			isa = PBXGroup;
			children = (
				CBC742291DE1112100CD8FE6 /* NotificationViewController.swift */,
				CBC7422B1DE1112100CD8FE6 /* MainInterface.storyboard */,
				CBC7422E1DE1112100CD8FE6 /* Info.plist */,
			);
			path = NotifContentExt;
			sourceTree = "<group>";
		};
		CBC7423D1DE12C8D00CD8FE6 /* NotifContentExt2 */ = {
			isa = PBXGroup;
			children = (
				CBC7423E1DE12C8D00CD8FE6 /* NotificationViewController.swift */,
				CBC742401DE12C8D00CD8FE6 /* MainInterface.storyboard */,
				CBC742431DE12C8D00CD8FE6 /* Info.plist */,
			);
			path = NotifContentExt2;
			sourceTree = "<group>";
		};
/* End PBXGroup section */

/* Begin PBXNativeTarget section */
		CBC742081DE0DD5500CD8FE6 /* ModernNotif */ = {
			isa = PBXNativeTarget;
			buildConfigurationList = CBC7421B1DE0DD5500CD8FE6 /* Build configuration list for PBXNativeTarget "ModernNotif" */;
			buildPhases = (
				CBC742051DE0DD5500CD8FE6 /* Sources */,
				CBC742061DE0DD5500CD8FE6 /* Frameworks */,
				CBC742071DE0DD5500CD8FE6 /* Resources */,
				CBC742351DE1112100CD8FE6 /* Embed App Extensions */,
			);
			buildRules = (
			);
			dependencies = (
				CBC742301DE1112100CD8FE6 /* PBXTargetDependency */,
				CBC742451DE12C8D00CD8FE6 /* PBXTargetDependency */,
			);
			name = ModernNotif;
			productName = ModernNotif;
			productReference = CBC742091DE0DD5500CD8FE6 /* ModernNotif.app */;
			productType = "com.apple.product-type.application";
		};
		CBC742211DE1112100CD8FE6 /* NotifContentExt */ = {
			isa = PBXNativeTarget;
			buildConfigurationList = CBC742321DE1112100CD8FE6 /* Build configuration list for PBXNativeTarget "NotifContentExt" */;
			buildPhases = (
				CBC7421E1DE1112100CD8FE6 /* Sources */,
				CBC7421F1DE1112100CD8FE6 /* Frameworks */,
				CBC742201DE1112100CD8FE6 /* Resources */,
			);
			buildRules = (
			);
			dependencies = (
			);
			name = NotifContentExt;
			productName = NotifContentExt;
			productReference = CBC742221DE1112100CD8FE6 /* NotifContentExt.appex */;
			productType = "com.apple.product-type.app-extension";
		};
		CBC742391DE12C8D00CD8FE6 /* NotifContentExt2 */ = {
			isa = PBXNativeTarget;
			buildConfigurationList = CBC742471DE12C8E00CD8FE6 /* Build configuration list for PBXNativeTarget "NotifContentExt2" */;
			buildPhases = (
				CBC742361DE12C8D00CD8FE6 /* Sources */,
				CBC742371DE12C8D00CD8FE6 /* Frameworks */,
				CBC742381DE12C8D00CD8FE6 /* Resources */,
			);
			buildRules = (
			);
			dependencies = (
			);
			name = NotifContentExt2;
			productName = NotifContentExt2;
			productReference = CBC7423A1DE12C8D00CD8FE6 /* NotifContentExt2.appex */;
			productType = "com.apple.product-type.app-extension";
		};
/* End PBXNativeTarget section */

/* Begin PBXProject section */
		CBC742011DE0DD5500CD8FE6 /* Project object */ = {
			isa = PBXProject;
			attributes = {
				LastSwiftUpdateCheck = 0800;
				LastUpgradeCheck = 0800;
				TargetAttributes = {
					CBC742081DE0DD5500CD8FE6 = {
						CreatedOnToolsVersion = 8.0;
						ProvisioningStyle = Automatic;
					};
					CBC742211DE1112100CD8FE6 = {
						CreatedOnToolsVersion = 8.0;
						ProvisioningStyle = Automatic;
					};
					CBC742391DE12C8D00CD8FE6 = {
						CreatedOnToolsVersion = 8.0;
						ProvisioningStyle = Automatic;
					};
				};
			};
			buildConfigurationList = CBC742041DE0DD5500CD8FE6 /* Build configuration list for PBXProject "ModernNotif" */;
			compatibilityVersion = "Xcode 3.2";
			developmentRegion = English;
			hasScannedForEncodings = 0;
			knownRegions = (
				en,
				Base,
			);
			mainGroup = CBC742001DE0DD5500CD8FE6;
			productRefGroup = CBC7420A1DE0DD5500CD8FE6 /* Products */;
			projectDirPath = "";
			projectRoot = "";
			targets = (
				CBC742081DE0DD5500CD8FE6 /* ModernNotif */,
				CBC742211DE1112100CD8FE6 /* NotifContentExt */,
				CBC742391DE12C8D00CD8FE6 /* NotifContentExt2 */,
			);
		};
/* End PBXProject section */

/* Begin PBXResourcesBuildPhase section */
		CBC742071DE0DD5500CD8FE6 /* Resources */ = {
			isa = PBXResourcesBuildPhase;
			buildActionMask = 2147483647;
			files = (
				CBC742171DE0DD5500CD8FE6 /* LaunchScreen.storyboard in Resources */,
				CBC742141DE0DD5500CD8FE6 /* Assets.xcassets in Resources */,
				CBC742121DE0DD5500CD8FE6 /* Main.storyboard in Resources */,
			);
			runOnlyForDeploymentPostprocessing = 0;
		};
		CBC742201DE1112100CD8FE6 /* Resources */ = {
			isa = PBXResourcesBuildPhase;
			buildActionMask = 2147483647;
			files = (
				CBC7422D1DE1112100CD8FE6 /* MainInterface.storyboard in Resources */,
			);
			runOnlyForDeploymentPostprocessing = 0;
		};
		CBC742381DE12C8D00CD8FE6 /* Resources */ = {
			isa = PBXResourcesBuildPhase;
			buildActionMask = 2147483647;
			files = (
				CBC742421DE12C8D00CD8FE6 /* MainInterface.storyboard in Resources */,
			);
			runOnlyForDeploymentPostprocessing = 0;
		};
/* End PBXResourcesBuildPhase section */

/* Begin PBXSourcesBuildPhase section */
		CBC742051DE0DD5500CD8FE6 /* Sources */ = {
			isa = PBXSourcesBuildPhase;
			buildActionMask = 2147483647;
			files = (
				CBC7420F1DE0DD5500CD8FE6 /* ViewController.swift in Sources */,
				CBC7420D1DE0DD5500CD8FE6 /* AppDelegate.swift in Sources */,
			);
			runOnlyForDeploymentPostprocessing = 0;
		};
		CBC7421E1DE1112100CD8FE6 /* Sources */ = {
			isa = PBXSourcesBuildPhase;
			buildActionMask = 2147483647;
			files = (
				CBC7422A1DE1112100CD8FE6 /* NotificationViewController.swift in Sources */,
			);
			runOnlyForDeploymentPostprocessing = 0;
		};
		CBC742361DE12C8D00CD8FE6 /* Sources */ = {
			isa = PBXSourcesBuildPhase;
			buildActionMask = 2147483647;
			files = (
				CBC7423F1DE12C8D00CD8FE6 /* NotificationViewController.swift in Sources */,
			);
			runOnlyForDeploymentPostprocessing = 0;
		};
/* End PBXSourcesBuildPhase section */

/* Begin PBXTargetDependency section */
		CBC742301DE1112100CD8FE6 /* PBXTargetDependency */ = {
			isa = PBXTargetDependency;
			target = CBC742211DE1112100CD8FE6 /* NotifContentExt */;
			targetProxy = CBC7422F1DE1112100CD8FE6 /* PBXContainerItemProxy */;
		};
		CBC742451DE12C8D00CD8FE6 /* PBXTargetDependency */ = {
			isa = PBXTargetDependency;
			target = CBC742391DE12C8D00CD8FE6 /* NotifContentExt2 */;
			targetProxy = CBC742441DE12C8D00CD8FE6 /* PBXContainerItemProxy */;
		};
/* End PBXTargetDependency section */

/* Begin PBXVariantGroup section */
		CBC742101DE0DD5500CD8FE6 /* Main.storyboard */ = {
			isa = PBXVariantGroup;
			children = (
				CBC742111DE0DD5500CD8FE6 /* Base */,
			);
			name = Main.storyboard;
			sourceTree = "<group>";
		};
		CBC742151DE0DD5500CD8FE6 /* LaunchScreen.storyboard */ = {
			isa = PBXVariantGroup;
			children = (
				CBC742161DE0DD5500CD8FE6 /* Base */,
			);
			name = LaunchScreen.storyboard;
			sourceTree = "<group>";
		};
		CBC7422B1DE1112100CD8FE6 /* MainInterface.storyboard */ = {
			isa = PBXVariantGroup;
			children = (
				CBC7422C1DE1112100CD8FE6 /* Base */,
			);
			name = MainInterface.storyboard;
			sourceTree = "<group>";
		};
		CBC742401DE12C8D00CD8FE6 /* MainInterface.storyboard */ = {
			isa = PBXVariantGroup;
			children = (
				CBC742411DE12C8D00CD8FE6 /* Base */,
			);
			name = MainInterface.storyboard;
			sourceTree = "<group>";
		};
/* End PBXVariantGroup section */

/* Begin XCBuildConfiguration section */
		CBC742191DE0DD5500CD8FE6 /* Debug */ = {
			isa = XCBuildConfiguration;
			buildSettings = {
				ALWAYS_SEARCH_USER_PATHS = NO;
				CLANG_ANALYZER_NONNULL = YES;
				CLANG_CXX_LANGUAGE_STANDARD = "gnu++0x";
				CLANG_CXX_LIBRARY = "libc++";
				CLANG_ENABLE_MODULES = YES;
				CLANG_ENABLE_OBJC_ARC = YES;
				CLANG_WARN_BOOL_CONVERSION = YES;
				CLANG_WARN_CONSTANT_CONVERSION = YES;
				CLANG_WARN_DIRECT_OBJC_ISA_USAGE = YES_ERROR;
				CLANG_WARN_DOCUMENTATION_COMMENTS = YES;
				CLANG_WARN_EMPTY_BODY = YES;
				CLANG_WARN_ENUM_CONVERSION = YES;
				CLANG_WARN_INFINITE_RECURSION = YES;
				CLANG_WARN_INT_CONVERSION = YES;
				CLANG_WARN_OBJC_ROOT_CLASS = YES_ERROR;
				CLANG_WARN_SUSPICIOUS_MOVES = YES;
				CLANG_WARN_UNREACHABLE_CODE = YES;
				CLANG_WARN__DUPLICATE_METHOD_MATCH = YES;
				"CODE_SIGN_IDENTITY[sdk=iphoneos*]" = "iPhone Developer";
				COPY_PHASE_STRIP = NO;
				DEBUG_INFORMATION_FORMAT = dwarf;
				ENABLE_STRICT_OBJC_MSGSEND = YES;
				ENABLE_TESTABILITY = YES;
				GCC_C_LANGUAGE_STANDARD = gnu99;
				GCC_DYNAMIC_NO_PIC = NO;
				GCC_NO_COMMON_BLOCKS = YES;
				GCC_OPTIMIZATION_LEVEL = 0;
				GCC_PREPROCESSOR_DEFINITIONS = (
					"DEBUG=1",
					"$(inherited)",
				);
				GCC_WARN_64_TO_32_BIT_CONVERSION = YES;
				GCC_WARN_ABOUT_RETURN_TYPE = YES_ERROR;
				GCC_WARN_UNDECLARED_SELECTOR = YES;
				GCC_WARN_UNINITIALIZED_AUTOS = YES_AGGRESSIVE;
				GCC_WARN_UNUSED_FUNCTION = YES;
				GCC_WARN_UNUSED_VARIABLE = YES;
				IPHONEOS_DEPLOYMENT_TARGET = 10.0;
				MTL_ENABLE_DEBUG_INFO = YES;
				ONLY_ACTIVE_ARCH = YES;
				SDKROOT = iphoneos;
				SWIFT_ACTIVE_COMPILATION_CONDITIONS = DEBUG;
				SWIFT_OPTIMIZATION_LEVEL = "-Onone";
				TARGETED_DEVICE_FAMILY = "1,2";
			};
			name = Debug;
		};
		CBC7421A1DE0DD5500CD8FE6 /* Release */ = {
			isa = XCBuildConfiguration;
			buildSettings = {
				ALWAYS_SEARCH_USER_PATHS = NO;
				CLANG_ANALYZER_NONNULL = YES;
				CLANG_CXX_LANGUAGE_STANDARD = "gnu++0x";
				CLANG_CXX_LIBRARY = "libc++";
				CLANG_ENABLE_MODULES = YES;
				CLANG_ENABLE_OBJC_ARC = YES;
				CLANG_WARN_BOOL_CONVERSION = YES;
				CLANG_WARN_CONSTANT_CONVERSION = YES;
				CLANG_WARN_DIRECT_OBJC_ISA_USAGE = YES_ERROR;
				CLANG_WARN_DOCUMENTATION_COMMENTS = YES;
				CLANG_WARN_EMPTY_BODY = YES;
				CLANG_WARN_ENUM_CONVERSION = YES;
				CLANG_WARN_INFINITE_RECURSION = YES;
				CLANG_WARN_INT_CONVERSION = YES;
				CLANG_WARN_OBJC_ROOT_CLASS = YES_ERROR;
				CLANG_WARN_SUSPICIOUS_MOVES = YES;
				CLANG_WARN_UNREACHABLE_CODE = YES;
				CLANG_WARN__DUPLICATE_METHOD_MATCH = YES;
				"CODE_SIGN_IDENTITY[sdk=iphoneos*]" = "iPhone Developer";
				COPY_PHASE_STRIP = NO;
				DEBUG_INFORMATION_FORMAT = "dwarf-with-dsym";
				ENABLE_NS_ASSERTIONS = NO;
				ENABLE_STRICT_OBJC_MSGSEND = YES;
				GCC_C_LANGUAGE_STANDARD = gnu99;
				GCC_NO_COMMON_BLOCKS = YES;
				GCC_WARN_64_TO_32_BIT_CONVERSION = YES;
				GCC_WARN_ABOUT_RETURN_TYPE = YES_ERROR;
				GCC_WARN_UNDECLARED_SELECTOR = YES;
				GCC_WARN_UNINITIALIZED_AUTOS = YES_AGGRESSIVE;
				GCC_WARN_UNUSED_FUNCTION = YES;
				GCC_WARN_UNUSED_VARIABLE = YES;
				IPHONEOS_DEPLOYMENT_TARGET = 10.0;
				MTL_ENABLE_DEBUG_INFO = NO;
				SDKROOT = iphoneos;
				SWIFT_OPTIMIZATION_LEVEL = "-Owholemodule";
				TARGETED_DEVICE_FAMILY = "1,2";
				VALIDATE_PRODUCT = YES;
			};
			name = Release;
		};
		CBC7421C1DE0DD5500CD8FE6 /* Debug */ = {
			isa = XCBuildConfiguration;
			buildSettings = {
				ALWAYS_EMBED_SWIFT_STANDARD_LIBRARIES = YES;
				ASSETCATALOG_COMPILER_APPICON_NAME = AppIcon;
				INFOPLIST_FILE = ModernNotif/Info.plist;
				LD_RUNPATH_SEARCH_PATHS = "$(inherited) @executable_path/Frameworks";
				PRODUCT_BUNDLE_IDENTIFIER = com.samamy.ModernNotif;
				PRODUCT_NAME = "$(TARGET_NAME)";
				SWIFT_VERSION = 3.0;
			};
			name = Debug;
		};
		CBC7421D1DE0DD5500CD8FE6 /* Release */ = {
			isa = XCBuildConfiguration;
			buildSettings = {
				ALWAYS_EMBED_SWIFT_STANDARD_LIBRARIES = YES;
				ASSETCATALOG_COMPILER_APPICON_NAME = AppIcon;
				INFOPLIST_FILE = ModernNotif/Info.plist;
				LD_RUNPATH_SEARCH_PATHS = "$(inherited) @executable_path/Frameworks";
				PRODUCT_BUNDLE_IDENTIFIER = com.samamy.ModernNotif;
				PRODUCT_NAME = "$(TARGET_NAME)";
				SWIFT_VERSION = 3.0;
			};
			name = Release;
		};
		CBC742331DE1112100CD8FE6 /* Debug */ = {
			isa = XCBuildConfiguration;
			buildSettings = {
				INFOPLIST_FILE = NotifContentExt/Info.plist;
				LD_RUNPATH_SEARCH_PATHS = "$(inherited) @executable_path/Frameworks @executable_path/../../Frameworks";
				PRODUCT_BUNDLE_IDENTIFIER = com.samamy.ModernNotif.NotifContentExt;
				PRODUCT_NAME = "$(TARGET_NAME)";
				SKIP_INSTALL = YES;
				SWIFT_VERSION = 3.0;
			};
			name = Debug;
		};
		CBC742341DE1112100CD8FE6 /* Release */ = {
			isa = XCBuildConfiguration;
			buildSettings = {
				INFOPLIST_FILE = NotifContentExt/Info.plist;
				LD_RUNPATH_SEARCH_PATHS = "$(inherited) @executable_path/Frameworks @executable_path/../../Frameworks";
				PRODUCT_BUNDLE_IDENTIFIER = com.samamy.ModernNotif.NotifContentExt;
				PRODUCT_NAME = "$(TARGET_NAME)";
				SKIP_INSTALL = YES;
				SWIFT_VERSION = 3.0;
			};
			name = Release;
		};
		CBC742481DE12C8E00CD8FE6 /* Debug */ = {
			isa = XCBuildConfiguration;
			buildSettings = {
				INFOPLIST_FILE = NotifContentExt2/Info.plist;
				LD_RUNPATH_SEARCH_PATHS = "$(inherited) @executable_path/Frameworks @executable_path/../../Frameworks";
				PRODUCT_BUNDLE_IDENTIFIER = com.samamy.ModernNotif.NotifContentExt2;
				PRODUCT_NAME = "$(TARGET_NAME)";
				SKIP_INSTALL = YES;
				SWIFT_VERSION = 3.0;
			};
			name = Debug;
		};
		CBC742491DE12C8E00CD8FE6 /* Release */ = {
			isa = XCBuildConfiguration;
			buildSettings = {
				INFOPLIST_FILE = NotifContentExt2/Info.plist;
				LD_RUNPATH_SEARCH_PATHS = "$(inherited) @executable_path/Frameworks @executable_path/../../Frameworks";
				PRODUCT_BUNDLE_IDENTIFIER = com.samamy.ModernNotif.NotifContentExt2;
				PRODUCT_NAME = "$(TARGET_NAME)";
				SKIP_INSTALL = YES;
				SWIFT_VERSION = 3.0;
			};
			name = Release;
		};
/* End XCBuildConfiguration section */

/* Begin XCConfigurationList section */
		CBC742041DE0DD5500CD8FE6 /* Build configuration list for PBXProject "ModernNotif" */ = {
			isa = XCConfigurationList;
			buildConfigurations = (
				CBC742191DE0DD5500CD8FE6 /* Debug */,
				CBC7421A1DE0DD5500CD8FE6 /* Release */,
			);
			defaultConfigurationIsVisible = 0;
			defaultConfigurationName = Release;
		};
		CBC7421B1DE0DD5500CD8FE6 /* Build configuration list for PBXNativeTarget "ModernNotif" */ = {
			isa = XCConfigurationList;
			buildConfigurations = (
				CBC7421C1DE0DD5500CD8FE6 /* Debug */,
				CBC7421D1DE0DD5500CD8FE6 /* Release */,
			);
			defaultConfigurationIsVisible = 0;
		};
		CBC742321DE1112100CD8FE6 /* Build configuration list for PBXNativeTarget "NotifContentExt" */ = {
			isa = XCConfigurationList;
			buildConfigurations = (
				CBC742331DE1112100CD8FE6 /* Debug */,
				CBC742341DE1112100CD8FE6 /* Release */,
			);
			defaultConfigurationIsVisible = 0;
		};
		CBC742471DE12C8E00CD8FE6 /* Build configuration list for PBXNativeTarget "NotifContentExt2" */ = {
			isa = XCConfigurationList;
			buildConfigurations = (
				CBC742481DE12C8E00CD8FE6 /* Debug */,
				CBC742491DE12C8E00CD8FE6 /* Release */,
			);
			defaultConfigurationIsVisible = 0;
		};
/* End XCConfigurationList section */
	};
	rootObject = CBC742011DE0DD5500CD8FE6 /* Project object */;
}
